# Code generated by scarb DO NOT EDIT.
version = 1

[[package]]
name = "board"
version = "0.1.0"
source = "git+https://github.com/0xChqrles/starknet-workshop-board?branch=main#fd20891ea1744776905b8bac1d89649b8ad349d9"

[[package]]
name = "openzeppelin"
version = "0.13.0"
source = "git+https://github.com/openzeppelin/cairo-contracts?branch=main#978b4e75209da355667d8954d2450e32bd71fe49"

[[package]]
name = "player"
version = "0.1.0"
dependencies = [
 "board",
 "openzeppelin",
]
