# Code generated by scarb DO NOT EDIT.
version = 1

[[package]]
name = "board"
version = "0.1.0"
source = "git+https://github.com/0xChqrles/starknet-workshop-board?branch=main#fe579498b01995d94716e38c87ff84f851f227ed"
dependencies = [
 "openzeppelin",
]

[[package]]
name = "openzeppelin"
version = "0.13.0"
source = "git+https://github.com/openzeppelin/cairo-contracts?branch=main#978b4e75209da355667d8954d2450e32bd71fe49"

[[package]]
name = "player"
version = "0.1.0"
dependencies = [
 "board",
 "openzeppelin",
]
